
Microsoft Visual Studio Solution File, Format Version 12.00
# Visual Studio 15
VisualStudioVersion = 15.0.28307.329
MinimumVisualStudioVersion = 10.0.40219.1
Project("{FAE04EC0-301F-11D3-BF4B-00C04F79EFBC}") = "STARAAPP", "STARAAPP\STARAAPP.csproj", "{4BC4043A-6FC5-45B4-BE31-AC49D8B218FB}"
EndProject
Global
	GlobalSection(SolutionConfigurationPlatforms) = preSolution
		Debug|Any CPU = Debug|Any CPU
		Release|Any CPU = Release|Any CPU
	EndGlobalSection
	GlobalSection(ProjectConfigurationPlatforms) = postSolution
		{4BC4043A-6FC5-45B4-BE31-AC49D8B218FB}.Debug|Any CPU.ActiveCfg = Debug|Any CPU
		{4BC4043A-6FC5-45B4-BE31-AC49D8B218FB}.Debug|Any CPU.Build.0 = Debug|Any CPU
		{4BC4043A-6FC5-45B4-BE31-AC49D8B218FB}.Release|Any CPU.ActiveCfg = Release|Any CPU
		{4BC4043A-6FC5-45B4-BE31-AC49D8B218FB}.Release|Any CPU.Build.0 = Release|Any CPU
	EndGlobalSection
	GlobalSection(SolutionProperties) = preSolution
		HideSolutionNode = FALSE
	EndGlobalSection
	GlobalSection(ExtensibilityGlobals) = postSolution
		SolutionGuid = {D5606C5F-4BBE-4EC5-9B9C-6B38BDA07376}
	EndGlobalSection
EndGlobal
